Microsoft Visual Studio Solution File, Format Version 12.00
# Visual Studio Version 17
VisualStudioVersion = 17.5.2.0
MinimumVisualStudioVersion = 10.0.40219.1
Project("{FAE04EC0-301F-11D3-BF4B-00C04F79EFBC}") = "Nome Completo", "Nome Completo.csproj", "{2EA68DAF-B4A3-4D0D-B21F-79F406618410}"
EndProject
Global
	GlobalSection(SolutionConfigurationPlatforms) = preSolution
		Debug|Any CPU = Debug|Any CPU
		Release|Any CPU = Release|Any CPU
	EndGlobalSection
	GlobalSection(ProjectConfigurationPlatforms) = postSolution
		{2EA68DAF-B4A3-4D0D-B21F-79F406618410}.Debug|Any CPU.ActiveCfg = Debug|Any CPU
		{2EA68DAF-B4A3-4D0D-B21F-79F406618410}.Debug|Any CPU.Build.0 = Debug|Any CPU
		{2EA68DAF-B4A3-4D0D-B21F-79F406618410}.Release|Any CPU.ActiveCfg = Release|Any CPU
		{2EA68DAF-B4A3-4D0D-B21F-79F406618410}.Release|Any CPU.Build.0 = Release|Any CPU
	EndGlobalSection
	GlobalSection(SolutionProperties) = preSolution
		HideSolutionNode = FALSE
	EndGlobalSection
	GlobalSection(ExtensibilityGlobals) = postSolution
		SolutionGuid = {2BB87488-8281-460D-8941-1DA6F3CA2CC7}
	EndGlobalSection
EndGlobal
